
Microsoft Visual Studio Solution File, Format Version 12.00
# Visual Studio Version 17
VisualStudioVersion = 17.2.32630.192
MinimumVisualStudioVersion = 10.0.40219.1
Project("{FAE04EC0-301F-11D3-BF4B-00C04F79EFBC}") = "sqlapp", "sqlapp\sqlapp.csproj", "{62037BFE-EB96-4BB5-AA77-D00154CD5FDA}"
EndProject
Global
	GlobalSection(SolutionConfigurationPlatforms) = preSolution
		Debug|Any CPU = Debug|Any CPU
		Release|Any CPU = Release|Any CPU
	EndGlobalSection
	GlobalSection(ProjectConfigurationPlatforms) = postSolution
		{62037BFE-EB96-4BB5-AA77-D00154CD5FDA}.Debug|Any CPU.ActiveCfg = Debug|Any CPU
		{62037BFE-EB96-4BB5-AA77-D00154CD5FDA}.Debug|Any CPU.Build.0 = Debug|Any CPU
		{62037BFE-EB96-4BB5-AA77-D00154CD5FDA}.Release|Any CPU.ActiveCfg = Release|Any CPU
		{62037BFE-EB96-4BB5-AA77-D00154CD5FDA}.Release|Any CPU.Build.0 = Release|Any CPU
	EndGlobalSection
	GlobalSection(SolutionProperties) = preSolution
		HideSolutionNode = FALSE
	EndGlobalSection
	GlobalSection(ExtensibilityGlobals) = postSolution
		SolutionGuid = {2AA07960-51E7-49BD-AE62-0AA18255B206}
	EndGlobalSection
EndGlobal
